
Microsoft Visual Studio Solution File, Format Version 12.00
# Visual Studio Version 16
VisualStudioVersion = 16.0.30225.117
MinimumVisualStudioVersion = 10.0.40219.1
Project("{FAE04EC0-301F-11D3-BF4B-00C04F79EFBC}") = "ZooApp", "ZooApp.csproj", "{69EE1E2F-564D-4D28-82B2-CAA84190F90A}"
EndProject
Global
	GlobalSection(SolutionConfigurationPlatforms) = preSolution
		Debug|Any CPU = Debug|Any CPU
		Release|Any CPU = Release|Any CPU
	EndGlobalSection
	GlobalSection(ProjectConfigurationPlatforms) = postSolution
		{69EE1E2F-564D-4D28-82B2-CAA84190F90A}.Debug|Any CPU.ActiveCfg = Debug|Any CPU
		{69EE1E2F-564D-4D28-82B2-CAA84190F90A}.Debug|Any CPU.Build.0 = Debug|Any CPU
		{69EE1E2F-564D-4D28-82B2-CAA84190F90A}.Release|Any CPU.ActiveCfg = Release|Any CPU
		{69EE1E2F-564D-4D28-82B2-CAA84190F90A}.Release|Any CPU.Build.0 = Release|Any CPU
	EndGlobalSection
	GlobalSection(SolutionProperties) = preSolution
		HideSolutionNode = FALSE
	EndGlobalSection
	GlobalSection(ExtensibilityGlobals) = postSolution
		SolutionGuid = {203CA762-B584-477E-B272-6836BD063D12}
	EndGlobalSection
EndGlobal
