
Microsoft Visual Studio Solution File, Format Version 12.00
# Visual Studio Version 16
VisualStudioVersion = 16.0.30225.117
MinimumVisualStudioVersion = 10.0.40219.1
Project("{FAE04EC0-301F-11D3-BF4B-00C04F79EFBC}") = "EmployeeMultilayer.WebApi", "EmployeeMultilayer.WebApi\EmployeeMultilayer.WebApi.csproj", "{3E898703-8DC6-4931-B73E-9A75A4422FB8}"
EndProject
Project("{FAE04EC0-301F-11D3-BF4B-00C04F79EFBC}") = "EmployeeMultilayer.Common", "EmployeeMultilayer.Common\EmployeeMultilayer.Common.csproj", "{79AC5024-DBBB-4CCB-95DE-45E5D2936B91}"
EndProject
Project("{FAE04EC0-301F-11D3-BF4B-00C04F79EFBC}") = "EmployeeMultilayer.DAL", "EmployeeMultilayer.DAL\EmployeeMultilayer.DAL.csproj", "{135561E4-2200-4E27-B575-A05DCBC1F188}"
EndProject
Project("{FAE04EC0-301F-11D3-BF4B-00C04F79EFBC}") = "EmployeeMultilayer.Model", "EmployeeMultilayer.Model\EmployeeMultilayer.Model.csproj", "{6D003E55-0247-44FC-AE2D-2DC96C567F9E}"
EndProject
Project("{FAE04EC0-301F-11D3-BF4B-00C04F79EFBC}") = "EmployeeMultilayer.Model.Common", "EmployeeMultilayer.Model.Common\EmployeeMultilayer.Model.Common.csproj", "{6DD1DF25-AED0-4716-9D66-693272662825}"
EndProject
Project("{FAE04EC0-301F-11D3-BF4B-00C04F79EFBC}") = "EmployeeMultilayer.Repositoy", "EmployeeMultilayer.Repositoy\EmployeeMultilayer.Repositoy.csproj", "{CB0B2429-E229-45D8-9409-DFDB7331C546}"
EndProject
Project("{FAE04EC0-301F-11D3-BF4B-00C04F79EFBC}") = "EmployeeMultilayer.Repository.Common", "EmployeeMultilayer.Repository.Common\EmployeeMultilayer.Repository.Common.csproj", "{9526CCA4-A3B0-4840-90BE-92C6A994C92D}"
EndProject
Project("{FAE04EC0-301F-11D3-BF4B-00C04F79EFBC}") = "EmployeeMultilayer.Service", "EmployeeMultilayer.Service\EmployeeMultilayer.Service.csproj", "{6548ADCE-754F-41F2-AAC2-AC6A4A284243}"
EndProject
Project("{FAE04EC0-301F-11D3-BF4B-00C04F79EFBC}") = "EmployeeMultilayer.Service.Common", "EmployeeMultilayer.Service.Common\EmployeeMultilayer.Service.Common.csproj", "{6DD3BF69-F77D-4968-A607-49888A4E98E1}"
EndProject
Global
	GlobalSection(SolutionConfigurationPlatforms) = preSolution
		Debug|Any CPU = Debug|Any CPU
		Release|Any CPU = Release|Any CPU
	EndGlobalSection
	GlobalSection(ProjectConfigurationPlatforms) = postSolution
		{3E898703-8DC6-4931-B73E-9A75A4422FB8}.Debug|Any CPU.ActiveCfg = Debug|Any CPU
		{3E898703-8DC6-4931-B73E-9A75A4422FB8}.Debug|Any CPU.Build.0 = Debug|Any CPU
		{3E898703-8DC6-4931-B73E-9A75A4422FB8}.Release|Any CPU.ActiveCfg = Release|Any CPU
		{3E898703-8DC6-4931-B73E-9A75A4422FB8}.Release|Any CPU.Build.0 = Release|Any CPU
		{79AC5024-DBBB-4CCB-95DE-45E5D2936B91}.Debug|Any CPU.ActiveCfg = Debug|Any CPU
		{79AC5024-DBBB-4CCB-95DE-45E5D2936B91}.Debug|Any CPU.Build.0 = Debug|Any CPU
		{79AC5024-DBBB-4CCB-95DE-45E5D2936B91}.Release|Any CPU.ActiveCfg = Release|Any CPU
		{79AC5024-DBBB-4CCB-95DE-45E5D2936B91}.Release|Any CPU.Build.0 = Release|Any CPU
		{135561E4-2200-4E27-B575-A05DCBC1F188}.Debug|Any CPU.ActiveCfg = Debug|Any CPU
		{135561E4-2200-4E27-B575-A05DCBC1F188}.Debug|Any CPU.Build.0 = Debug|Any CPU
		{135561E4-2200-4E27-B575-A05DCBC1F188}.Release|Any CPU.ActiveCfg = Release|Any CPU
		{135561E4-2200-4E27-B575-A05DCBC1F188}.Release|Any CPU.Build.0 = Release|Any CPU
		{6D003E55-0247-44FC-AE2D-2DC96C567F9E}.Debug|Any CPU.ActiveCfg = Debug|Any CPU
		{6D003E55-0247-44FC-AE2D-2DC96C567F9E}.Debug|Any CPU.Build.0 = Debug|Any CPU
		{6D003E55-0247-44FC-AE2D-2DC96C567F9E}.Release|Any CPU.ActiveCfg = Release|Any CPU
		{6D003E55-0247-44FC-AE2D-2DC96C567F9E}.Release|Any CPU.Build.0 = Release|Any CPU
		{6DD1DF25-AED0-4716-9D66-693272662825}.Debug|Any CPU.ActiveCfg = Debug|Any CPU
		{6DD1DF25-AED0-4716-9D66-693272662825}.Debug|Any CPU.Build.0 = Debug|Any CPU
		{6DD1DF25-AED0-4716-9D66-693272662825}.Release|Any CPU.ActiveCfg = Release|Any CPU
		{6DD1DF25-AED0-4716-9D66-693272662825}.Release|Any CPU.Build.0 = Release|Any CPU
		{CB0B2429-E229-45D8-9409-DFDB7331C546}.Debug|Any CPU.ActiveCfg = Debug|Any CPU
		{CB0B2429-E229-45D8-9409-DFDB7331C546}.Debug|Any CPU.Build.0 = Debug|Any CPU
		{CB0B2429-E229-45D8-9409-DFDB7331C546}.Release|Any CPU.ActiveCfg = Release|Any CPU
		{CB0B2429-E229-45D8-9409-DFDB7331C546}.Release|Any CPU.Build.0 = Release|Any CPU
		{9526CCA4-A3B0-4840-90BE-92C6A994C92D}.Debug|Any CPU.ActiveCfg = Debug|Any CPU
		{9526CCA4-A3B0-4840-90BE-92C6A994C92D}.Debug|Any CPU.Build.0 = Debug|Any CPU
		{9526CCA4-A3B0-4840-90BE-92C6A994C92D}.Release|Any CPU.ActiveCfg = Release|Any CPU
		{9526CCA4-A3B0-4840-90BE-92C6A994C92D}.Release|Any CPU.Build.0 = Release|Any CPU
		{6548ADCE-754F-41F2-AAC2-AC6A4A284243}.Debug|Any CPU.ActiveCfg = Debug|Any CPU
		{6548ADCE-754F-41F2-AAC2-AC6A4A284243}.Debug|Any CPU.Build.0 = Debug|Any CPU
		{6548ADCE-754F-41F2-AAC2-AC6A4A284243}.Release|Any CPU.ActiveCfg = Release|Any CPU
		{6548ADCE-754F-41F2-AAC2-AC6A4A284243}.Release|Any CPU.Build.0 = Release|Any CPU
		{6DD3BF69-F77D-4968-A607-49888A4E98E1}.Debug|Any CPU.ActiveCfg = Debug|Any CPU
		{6DD3BF69-F77D-4968-A607-49888A4E98E1}.Debug|Any CPU.Build.0 = Debug|Any CPU
		{6DD3BF69-F77D-4968-A607-49888A4E98E1}.Release|Any CPU.ActiveCfg = Release|Any CPU
		{6DD3BF69-F77D-4968-A607-49888A4E98E1}.Release|Any CPU.Build.0 = Release|Any CPU
	EndGlobalSection
	GlobalSection(SolutionProperties) = preSolution
		HideSolutionNode = FALSE
	EndGlobalSection
	GlobalSection(ExtensibilityGlobals) = postSolution
		SolutionGuid = {EFE47635-3CEF-486D-A350-A968F690952E}
	EndGlobalSection
EndGlobal
